// !$*UTF8*$!
{
	archiveVersion = 1;
	classes = {
	};
	objectVersion = 77;
	objects = {

/* Begin PBXBuildFile section */
		037793C1BE645D26E26CF2BB /* SpriteKit.framework in Frameworks */ = {isa = PBXBuildFile; fileRef = 4BCF99913BD3C7862D1B9375 /* SpriteKit.framework */; };
		04E8B76A5E951A4BA89C6E4C /* AdManager.swift in Sources */ = {isa = PBXBuildFile; fileRef = 5B1C4F9E33BBB493212EFB67 /* AdManager.swift */; };
		095D4A20C9A725BDE61AA04D /* LevelDataTests.swift in Sources */ = {isa = PBXBuildFile; fileRef = 59573EBC83D60DD6AC557035 /* LevelDataTests.swift */; };
		0990A1E674E4A19B60CA3C65 /* GameState.swift in Sources */ = {isa = PBXBuildFile; fileRef = DA548063A2EC30039D99EA8B /* GameState.swift */; };
		1001691068C391E05E401A2A /* GameScene.swift in Sources */ = {isa = PBXBuildFile; fileRef = F918AB9DF05A021F6EBAB27F /* GameScene.swift */; };
		123C48D2892084D90CCDE2E5 /* StoreManager.swift in Sources */ = {isa = PBXBuildFile; fileRef = ACCD9B10C09C675B2A9D12A2 /* StoreManager.swift */; };
		1CD74AE0F1771AEE3E99E55E /* CellTextureCache.swift in Sources */ = {isa = PBXBuildFile; fileRef = D5730F9880C43BF08564B0E3 /* CellTextureCache.swift */; };
		220CB0646734DA42BC84BCCE /* DailyChallengeTests.swift in Sources */ = {isa = PBXBuildFile; fileRef = 84CE9BB81570F98D327BC353 /* DailyChallengeTests.swift */; };
		3214D389B8DAA9974B3F3C36 /* ThemeManager.swift in Sources */ = {isa = PBXBuildFile; fileRef = F27D4261953DA06F6DF911BC /* ThemeManager.swift */; };
		33E3B4690AF8FA56690B49D2 /* ScreenshotTests.swift in Sources */ = {isa = PBXBuildFile; fileRef = 6C3B5E71EC0897CB5385C2B0 /* ScreenshotTests.swift */; };
		5C367BF1E4999A08A80DC78E /* LevelSelectView.swift in Sources */ = {isa = PBXBuildFile; fileRef = AE183B198EB44E0E383BE400 /* LevelSelectView.swift */; };
		5F2E1F18ED3951B636A79914 /* DailyChallengeEntryView.swift in Sources */ = {isa = PBXBuildFile; fileRef = 04BBDD2D671FE6520307EF8C /* DailyChallengeEntryView.swift */; };
		5F8B677E76B3A5DE9A348396 /* ProgressStore.swift in Sources */ = {isa = PBXBuildFile; fileRef = 75947AB6CBA0A5DE0A53E532 /* ProgressStore.swift */; };
		63B02F230EB6B1A6F0455696 /* FloodCell.swift in Sources */ = {isa = PBXBuildFile; fileRef = 9AF544722E8B237E330C0C0C /* FloodCell.swift */; };
		63BD1A70E8275D6B6DF597DC /* FloodBoard.swift in Sources */ = {isa = PBXBuildFile; fileRef = 2D5F6237A3F953C1E6A48D1E /* FloodBoard.swift */; };
		6E5DBDA0099F7B8CC0F18D03 /* ShareSheet.swift in Sources */ = {isa = PBXBuildFile; fileRef = 2D644E95C012DE27B3421D2F /* ShareSheet.swift */; };
		789247DFCED267B3B202542E /* GameView.swift in Sources */ = {isa = PBXBuildFile; fileRef = BB80E331B185113565138406 /* GameView.swift */; };
		909F15B81AC07D03410DA982 /* LevelData.swift in Sources */ = {isa = PBXBuildFile; fileRef = EF8F80A4171FD713980C7A0D /* LevelData.swift */; };
		961464DB7CADF8B260466F42 /* StarRating.swift in Sources */ = {isa = PBXBuildFile; fileRef = 1C7FFD832E1A263F11BFEFEB /* StarRating.swift */; };
		A340ADEE53D5E5BB8B72ED12 /* DailyChallenge.swift in Sources */ = {isa = PBXBuildFile; fileRef = C760E6F7ACEAB69A77F5DA1E /* DailyChallenge.swift */; };
		A568B7C4658B615FC9C73291 /* FloodCellNode.swift in Sources */ = {isa = PBXBuildFile; fileRef = 743E1E5BBFBD9C0AB2C8A1AB /* FloodCellNode.swift */; };
		A7D5A6530466DBB52D2BFCEE /* LevelGenerator.swift in Sources */ = {isa = PBXBuildFile; fileRef = 3EEE7F2DEAD2AA109B452863 /* LevelGenerator.swift */; };
		AD085CF19CD2C55919E0A433 /* FloodSolverTests.swift in Sources */ = {isa = PBXBuildFile; fileRef = EA3C21D5749B73BE0D5DAC75 /* FloodSolverTests.swift */; };
		B2419755A7E6D4BF445CA6E8 /* FloodItApp.swift in Sources */ = {isa = PBXBuildFile; fileRef = 2E27BAE84EFF19EA2070E02A /* FloodItApp.swift */; };
		B3C818B20A27B3CE5641E4DB /* SettingsView.swift in Sources */ = {isa = PBXBuildFile; fileRef = A2EA0783DC6120BB9EC468FA /* SettingsView.swift */; };
		B614E50F83534D84FE93F68C /* GameStateTests.swift in Sources */ = {isa = PBXBuildFile; fileRef = 579F7662A95924876B7DA014 /* GameStateTests.swift */; };
		C40B68B6DE72384D49FBCA7E /* SoundManager.swift in Sources */ = {isa = PBXBuildFile; fileRef = 641849E0784D325ECA815052 /* SoundManager.swift */; };
		C598A52CABFB5D4F970B5711 /* FloodItUITests.swift in Sources */ = {isa = PBXBuildFile; fileRef = C00855996CA885A0EF8DAD4F /* FloodItUITests.swift */; };
		D3F75FD0CE7284C8004A243A /* ContentView.swift in Sources */ = {isa = PBXBuildFile; fileRef = A84625815686C15462112C98 /* ContentView.swift */; };
		D5C623DBF10F2F678F579EFF /* LevelGeneratorTests.swift in Sources */ = {isa = PBXBuildFile; fileRef = 8FEF9B99BB3FC771463633EA /* LevelGeneratorTests.swift */; };
		D695B9EE19652E21D543C1E0 /* FloodBoardTests.swift in Sources */ = {isa = PBXBuildFile; fileRef = 4C735C615150F4C0CA406FC9 /* FloodBoardTests.swift */; };
		E66E745FA332C5D94C80297D /* GameColor.swift in Sources */ = {isa = PBXBuildFile; fileRef = EAE7986BBF635BBEF381E35F /* GameColor.swift */; };
		E9251DF14085ADC8C5D1C391 /* FloodSolver.swift in Sources */ = {isa = PBXBuildFile; fileRef = 719DA29BAA32D456DF985F32 /* FloodSolver.swift */; };
		EA000EE53AD31B55CC2107ED /* Assets.xcassets in Resources */ = {isa = PBXBuildFile; fileRef = 3B68E9E0AA3DE739E72B5FC4 /* Assets.xcassets */; };
		F043953D9F19E6685818077E /* HomeView.swift in Sources */ = {isa = PBXBuildFile; fileRef = 0949DB350DDAD64B75A49A5B /* HomeView.swift */; };
		FC63FA32E5CFCEB1F6D5F154 /* ShareCardRenderer.swift in Sources */ = {isa = PBXBuildFile; fileRef = 18AAFE9C94D2F0C50860E7CD /* ShareCardRenderer.swift */; };
/* End PBXBuildFile section */

/* Begin PBXContainerItemProxy section */
		A7666ACD9FACBE07DDD9586C /* PBXContainerItemProxy */ = {
			isa = PBXContainerItemProxy;
			containerPortal = 82C0A4C115C210501E0FAA08 /* Project object */;
			proxyType = 1;
			remoteGlobalIDString = 2A26EAB3963DEADFDE15202C;
			remoteInfo = FloodIt;
		};
		C9064BBB2CAC642894B1D508 /* PBXContainerItemProxy */ = {
			isa = PBXContainerItemProxy;
			containerPortal = 82C0A4C115C210501E0FAA08 /* Project object */;
			proxyType = 1;
			remoteGlobalIDString = 2A26EAB3963DEADFDE15202C;
			remoteInfo = FloodIt;
		};
/* End PBXContainerItemProxy section */

/* Begin PBXFileReference section */
		04BBDD2D671FE6520307EF8C /* DailyChallengeEntryView.swift */ = {isa = PBXFileReference; lastKnownFileType = sourcecode.swift; path = DailyChallengeEntryView.swift; sourceTree = "<group>"; };
		0949DB350DDAD64B75A49A5B /* HomeView.swift */ = {isa = PBXFileReference; lastKnownFileType = sourcecode.swift; path = HomeView.swift; sourceTree = "<group>"; };
		0CE93DC3A7D71C6BDA619A60 /* FloodIt.app */ = {isa = PBXFileReference; includeInIndex = 0; lastKnownFileType = wrapper.application; path = FloodIt.app; sourceTree = BUILT_PRODUCTS_DIR; };
		18AAFE9C94D2F0C50860E7CD /* ShareCardRenderer.swift */ = {isa = PBXFileReference; lastKnownFileType = sourcecode.swift; path = ShareCardRenderer.swift; sourceTree = "<group>"; };
		1C7FFD832E1A263F11BFEFEB /* StarRating.swift */ = {isa = PBXFileReference; lastKnownFileType = sourcecode.swift; path = StarRating.swift; sourceTree = "<group>"; };
		2D5F6237A3F953C1E6A48D1E /* FloodBoard.swift */ = {isa = PBXFileReference; lastKnownFileType = sourcecode.swift; path = FloodBoard.swift; sourceTree = "<group>"; };
		2D644E95C012DE27B3421D2F /* ShareSheet.swift */ = {isa = PBXFileReference; lastKnownFileType = sourcecode.swift; path = ShareSheet.swift; sourceTree = "<group>"; };
		2E27BAE84EFF19EA2070E02A /* FloodItApp.swift */ = {isa = PBXFileReference; lastKnownFileType = sourcecode.swift; path = FloodItApp.swift; sourceTree = "<group>"; };
		3B68E9E0AA3DE739E72B5FC4 /* Assets.xcassets */ = {isa = PBXFileReference; lastKnownFileType = folder.assetcatalog; path = Assets.xcassets; sourceTree = "<group>"; };
		3EEE7F2DEAD2AA109B452863 /* LevelGenerator.swift */ = {isa = PBXFileReference; lastKnownFileType = sourcecode.swift; path = LevelGenerator.swift; sourceTree = "<group>"; };
		4BCF99913BD3C7862D1B9375 /* SpriteKit.framework */ = {isa = PBXFileReference; lastKnownFileType = wrapper.framework; name = SpriteKit.framework; path = System/Library/Frameworks/SpriteKit.framework; sourceTree = SDKROOT; };
		4C735C615150F4C0CA406FC9 /* FloodBoardTests.swift */ = {isa = PBXFileReference; lastKnownFileType = sourcecode.swift; path = FloodBoardTests.swift; sourceTree = "<group>"; };
		579F7662A95924876B7DA014 /* GameStateTests.swift */ = {isa = PBXFileReference; lastKnownFileType = sourcecode.swift; path = GameStateTests.swift; sourceTree = "<group>"; };
		591C4E16DDC7F5F2BDA6A01B /* FloodItUITests.xctest */ = {isa = PBXFileReference; includeInIndex = 0; lastKnownFileType = wrapper.cfbundle; path = FloodItUITests.xctest; sourceTree = BUILT_PRODUCTS_DIR; };
		59573EBC83D60DD6AC557035 /* LevelDataTests.swift */ = {isa = PBXFileReference; lastKnownFileType = sourcecode.swift; path = LevelDataTests.swift; sourceTree = "<group>"; };
		5B1C4F9E33BBB493212EFB67 /* AdManager.swift */ = {isa = PBXFileReference; lastKnownFileType = sourcecode.swift; path = AdManager.swift; sourceTree = "<group>"; };
		641849E0784D325ECA815052 /* SoundManager.swift */ = {isa = PBXFileReference; lastKnownFileType = sourcecode.swift; path = SoundManager.swift; sourceTree = "<group>"; };
		6C3B5E71EC0897CB5385C2B0 /* ScreenshotTests.swift */ = {isa = PBXFileReference; lastKnownFileType = sourcecode.swift; path = ScreenshotTests.swift; sourceTree = "<group>"; };
		719DA29BAA32D456DF985F32 /* FloodSolver.swift */ = {isa = PBXFileReference; lastKnownFileType = sourcecode.swift; path = FloodSolver.swift; sourceTree = "<group>"; };
		743E1E5BBFBD9C0AB2C8A1AB /* FloodCellNode.swift */ = {isa = PBXFileReference; lastKnownFileType = sourcecode.swift; path = FloodCellNode.swift; sourceTree = "<group>"; };
		75947AB6CBA0A5DE0A53E532 /* ProgressStore.swift */ = {isa = PBXFileReference; lastKnownFileType = sourcecode.swift; path = ProgressStore.swift; sourceTree = "<group>"; };
		84CE9BB81570F98D327BC353 /* DailyChallengeTests.swift */ = {isa = PBXFileReference; lastKnownFileType = sourcecode.swift; path = DailyChallengeTests.swift; sourceTree = "<group>"; };
		8FEF9B99BB3FC771463633EA /* LevelGeneratorTests.swift */ = {isa = PBXFileReference; lastKnownFileType = sourcecode.swift; path = LevelGeneratorTests.swift; sourceTree = "<group>"; };
		9AF544722E8B237E330C0C0C /* FloodCell.swift */ = {isa = PBXFileReference; lastKnownFileType = sourcecode.swift; path = FloodCell.swift; sourceTree = "<group>"; };
		A2EA0783DC6120BB9EC468FA /* SettingsView.swift */ = {isa = PBXFileReference; lastKnownFileType = sourcecode.swift; path = SettingsView.swift; sourceTree = "<group>"; };
		A8312CD6AE6F587F4EC8407D /* FloodItTests.xctest */ = {isa = PBXFileReference; includeInIndex = 0; lastKnownFileType = wrapper.cfbundle; path = FloodItTests.xctest; sourceTree = BUILT_PRODUCTS_DIR; };
		A84625815686C15462112C98 /* ContentView.swift */ = {isa = PBXFileReference; lastKnownFileType = sourcecode.swift; path = ContentView.swift; sourceTree = "<group>"; };
		ACCD9B10C09C675B2A9D12A2 /* StoreManager.swift */ = {isa = PBXFileReference; lastKnownFileType = sourcecode.swift; path = StoreManager.swift; sourceTree = "<group>"; };
		AE183B198EB44E0E383BE400 /* LevelSelectView.swift */ = {isa = PBXFileReference; lastKnownFileType = sourcecode.swift; path = LevelSelectView.swift; sourceTree = "<group>"; };
		BB80E331B185113565138406 /* GameView.swift */ = {isa = PBXFileReference; lastKnownFileType = sourcecode.swift; path = GameView.swift; sourceTree = "<group>"; };
		C00855996CA885A0EF8DAD4F /* FloodItUITests.swift */ = {isa = PBXFileReference; lastKnownFileType = sourcecode.swift; path = FloodItUITests.swift; sourceTree = "<group>"; };
		C760E6F7ACEAB69A77F5DA1E /* DailyChallenge.swift */ = {isa = PBXFileReference; lastKnownFileType = sourcecode.swift; path = DailyChallenge.swift; sourceTree = "<group>"; };
		D5730F9880C43BF08564B0E3 /* CellTextureCache.swift */ = {isa = PBXFileReference; lastKnownFileType = sourcecode.swift; path = CellTextureCache.swift; sourceTree = "<group>"; };
		DA548063A2EC30039D99EA8B /* GameState.swift */ = {isa = PBXFileReference; lastKnownFileType = sourcecode.swift; path = GameState.swift; sourceTree = "<group>"; };
		EA3C21D5749B73BE0D5DAC75 /* FloodSolverTests.swift */ = {isa = PBXFileReference; lastKnownFileType = sourcecode.swift; path = FloodSolverTests.swift; sourceTree = "<group>"; };
		EAE7986BBF635BBEF381E35F /* GameColor.swift */ = {isa = PBXFileReference; lastKnownFileType = sourcecode.swift; path = GameColor.swift; sourceTree = "<group>"; };
		EF8F80A4171FD713980C7A0D /* LevelData.swift */ = {isa = PBXFileReference; lastKnownFileType = sourcecode.swift; path = LevelData.swift; sourceTree = "<group>"; };
		F27D4261953DA06F6DF911BC /* ThemeManager.swift */ = {isa = PBXFileReference; lastKnownFileType = sourcecode.swift; path = ThemeManager.swift; sourceTree = "<group>"; };
		F918AB9DF05A021F6EBAB27F /* GameScene.swift */ = {isa = PBXFileReference; lastKnownFileType = sourcecode.swift; path = GameScene.swift; sourceTree = "<group>"; };
/* End PBXFileReference section */

/* Begin PBXFrameworksBuildPhase section */
		D7D7864AC5B9264869F916FD /* Frameworks */ = {
			isa = PBXFrameworksBuildPhase;
			buildActionMask = 2147483647;
			files = (
				037793C1BE645D26E26CF2BB /* SpriteKit.framework in Frameworks */,
			);
			runOnlyForDeploymentPostprocessing = 0;
		};
/* End PBXFrameworksBuildPhase section */

/* Begin PBXGroup section */
		1181E0FAF32805BFA4710182 /* FloodIt */ = {
			isa = PBXGroup;
			children = (
				3B68E9E0AA3DE739E72B5FC4 /* Assets.xcassets */,
				D5730F9880C43BF08564B0E3 /* CellTextureCache.swift */,
				A84625815686C15462112C98 /* ContentView.swift */,
				04BBDD2D671FE6520307EF8C /* DailyChallengeEntryView.swift */,
				743E1E5BBFBD9C0AB2C8A1AB /* FloodCellNode.swift */,
				2E27BAE84EFF19EA2070E02A /* FloodItApp.swift */,
				F918AB9DF05A021F6EBAB27F /* GameScene.swift */,
				BB80E331B185113565138406 /* GameView.swift */,
				0949DB350DDAD64B75A49A5B /* HomeView.swift */,
				AE183B198EB44E0E383BE400 /* LevelSelectView.swift */,
				A2EA0783DC6120BB9EC468FA /* SettingsView.swift */,
				18AAFE9C94D2F0C50860E7CD /* ShareCardRenderer.swift */,
				2D644E95C012DE27B3421D2F /* ShareSheet.swift */,
				641849E0784D325ECA815052 /* SoundManager.swift */,
				BDAF9400817FE3B9824D2867 /* Models */,
			);
			path = FloodIt;
			sourceTree = "<group>";
		};
		4DD0F180FBCC770F66AE9D58 = {
			isa = PBXGroup;
			children = (
				1181E0FAF32805BFA4710182 /* FloodIt */,
				DC6452F6AF72FD08C51043D5 /* FloodItTests */,
				7FA300C75D678FDE95006E3B /* FloodItUITests */,
				7E3E827628AB4C2464CF8523 /* Frameworks */,
				E05B51560B1CE0656A2FCACB /* Products */,
			);
			sourceTree = "<group>";
		};
		7E3E827628AB4C2464CF8523 /* Frameworks */ = {
			isa = PBXGroup;
			children = (
				4BCF99913BD3C7862D1B9375 /* SpriteKit.framework */,
			);
			name = Frameworks;
			sourceTree = "<group>";
		};
		7FA300C75D678FDE95006E3B /* FloodItUITests */ = {
			isa = PBXGroup;
			children = (
				C00855996CA885A0EF8DAD4F /* FloodItUITests.swift */,
				6C3B5E71EC0897CB5385C2B0 /* ScreenshotTests.swift */,
			);
			path = FloodItUITests;
			sourceTree = "<group>";
		};
		BDAF9400817FE3B9824D2867 /* Models */ = {
			isa = PBXGroup;
			children = (
				5B1C4F9E33BBB493212EFB67 /* AdManager.swift */,
				C760E6F7ACEAB69A77F5DA1E /* DailyChallenge.swift */,
				2D5F6237A3F953C1E6A48D1E /* FloodBoard.swift */,
				9AF544722E8B237E330C0C0C /* FloodCell.swift */,
				719DA29BAA32D456DF985F32 /* FloodSolver.swift */,
				EAE7986BBF635BBEF381E35F /* GameColor.swift */,
				DA548063A2EC30039D99EA8B /* GameState.swift */,
				EF8F80A4171FD713980C7A0D /* LevelData.swift */,
				3EEE7F2DEAD2AA109B452863 /* LevelGenerator.swift */,
				75947AB6CBA0A5DE0A53E532 /* ProgressStore.swift */,
				1C7FFD832E1A263F11BFEFEB /* StarRating.swift */,
				ACCD9B10C09C675B2A9D12A2 /* StoreManager.swift */,
				F27D4261953DA06F6DF911BC /* ThemeManager.swift */,
			);
			path = Models;
			sourceTree = "<group>";
		};
		DC6452F6AF72FD08C51043D5 /* FloodItTests */ = {
			isa = PBXGroup;
			children = (
				84CE9BB81570F98D327BC353 /* DailyChallengeTests.swift */,
				4C735C615150F4C0CA406FC9 /* FloodBoardTests.swift */,
				EA3C21D5749B73BE0D5DAC75 /* FloodSolverTests.swift */,
				579F7662A95924876B7DA014 /* GameStateTests.swift */,
				59573EBC83D60DD6AC557035 /* LevelDataTests.swift */,
				8FEF9B99BB3FC771463633EA /* LevelGeneratorTests.swift */,
			);
			path = FloodItTests;
			sourceTree = "<group>";
		};
		E05B51560B1CE0656A2FCACB /* Products */ = {
			isa = PBXGroup;
			children = (
				0CE93DC3A7D71C6BDA619A60 /* FloodIt.app */,
				A8312CD6AE6F587F4EC8407D /* FloodItTests.xctest */,
				591C4E16DDC7F5F2BDA6A01B /* FloodItUITests.xctest */,
			);
			name = Products;
			sourceTree = "<group>";
		};
/* End PBXGroup section */

/* Begin PBXNativeTarget section */
		2A26EAB3963DEADFDE15202C /* FloodIt */ = {
			isa = PBXNativeTarget;
			buildConfigurationList = D59650BEE828889850641067 /* Build configuration list for PBXNativeTarget "FloodIt" */;
			buildPhases = (
				50D5954DC1AC71D0ABACE6D8 /* Sources */,
				2DC90037B95AC218FD7CE390 /* Resources */,
				D7D7864AC5B9264869F916FD /* Frameworks */,
			);
			buildRules = (
			);
			dependencies = (
			);
			name = FloodIt;
			packageProductDependencies = (
			);
			productName = FloodIt;
			productReference = 0CE93DC3A7D71C6BDA619A60 /* FloodIt.app */;
			productType = "com.apple.product-type.application";
		};
		A96196D52D6FB21733444E6A /* FloodItTests */ = {
			isa = PBXNativeTarget;
			buildConfigurationList = 874E0E85C0F69335438E4E49 /* Build configuration list for PBXNativeTarget "FloodItTests" */;
			buildPhases = (
				0BB4B9597105978E723FC82E /* Sources */,
			);
			buildRules = (
			);
			dependencies = (
				374915981F08AB79B86E9927 /* PBXTargetDependency */,
			);
			name = FloodItTests;
			packageProductDependencies = (
			);
			productName = FloodItTests;
			productReference = A8312CD6AE6F587F4EC8407D /* FloodItTests.xctest */;
			productType = "com.apple.product-type.bundle.unit-test";
		};
		DDA42A6FD40CA32C50125C59 /* FloodItUITests */ = {
			isa = PBXNativeTarget;
			buildConfigurationList = 11AF2462376851C5B316780C /* Build configuration list for PBXNativeTarget "FloodItUITests" */;
			buildPhases = (
				96628017FEBD70346356DFF2 /* Sources */,
			);
			buildRules = (
			);
			dependencies = (
				EDD9661C448D51D65E84B8B9 /* PBXTargetDependency */,
			);
			name = FloodItUITests;
			packageProductDependencies = (
			);
			productName = FloodItUITests;
			productReference = 591C4E16DDC7F5F2BDA6A01B /* FloodItUITests.xctest */;
			productType = "com.apple.product-type.bundle.ui-testing";
		};
/* End PBXNativeTarget section */

/* Begin PBXProject section */
		82C0A4C115C210501E0FAA08 /* Project object */ = {
			isa = PBXProject;
			attributes = {
				BuildIndependentTargetsInParallel = YES;
				LastUpgradeCheck = 1600;
				TargetAttributes = {
					DDA42A6FD40CA32C50125C59 = {
						TestTargetID = 2A26EAB3963DEADFDE15202C;
					};
				};
			};
			buildConfigurationList = 9126D9F57C1E02288969B371 /* Build configuration list for PBXProject "FloodIt" */;
			compatibilityVersion = "Xcode 14.0";
			developmentRegion = en;
			hasScannedForEncodings = 0;
			knownRegions = (
				Base,
				en,
			);
			mainGroup = 4DD0F180FBCC770F66AE9D58;
			minimizedProjectReferenceProxies = 1;
			preferredProjectObjectVersion = 77;
			projectDirPath = "";
			projectRoot = "";
			targets = (
				2A26EAB3963DEADFDE15202C /* FloodIt */,
				A96196D52D6FB21733444E6A /* FloodItTests */,
				DDA42A6FD40CA32C50125C59 /* FloodItUITests */,
			);
		};
/* End PBXProject section */

/* Begin PBXResourcesBuildPhase section */
		2DC90037B95AC218FD7CE390 /* Resources */ = {
			isa = PBXResourcesBuildPhase;
			buildActionMask = 2147483647;
			files = (
				EA000EE53AD31B55CC2107ED /* Assets.xcassets in Resources */,
			);
			runOnlyForDeploymentPostprocessing = 0;
		};
/* End PBXResourcesBuildPhase section */

/* Begin PBXSourcesBuildPhase section */
		0BB4B9597105978E723FC82E /* Sources */ = {
			isa = PBXSourcesBuildPhase;
			buildActionMask = 2147483647;
			files = (
				220CB0646734DA42BC84BCCE /* DailyChallengeTests.swift in Sources */,
				D695B9EE19652E21D543C1E0 /* FloodBoardTests.swift in Sources */,
				AD085CF19CD2C55919E0A433 /* FloodSolverTests.swift in Sources */,
				B614E50F83534D84FE93F68C /* GameStateTests.swift in Sources */,
				095D4A20C9A725BDE61AA04D /* LevelDataTests.swift in Sources */,
				D5C623DBF10F2F678F579EFF /* LevelGeneratorTests.swift in Sources */,
			);
			runOnlyForDeploymentPostprocessing = 0;
		};
		50D5954DC1AC71D0ABACE6D8 /* Sources */ = {
			isa = PBXSourcesBuildPhase;
			buildActionMask = 2147483647;
			files = (
				04E8B76A5E951A4BA89C6E4C /* AdManager.swift in Sources */,
				1CD74AE0F1771AEE3E99E55E /* CellTextureCache.swift in Sources */,
				D3F75FD0CE7284C8004A243A /* ContentView.swift in Sources */,
				A340ADEE53D5E5BB8B72ED12 /* DailyChallenge.swift in Sources */,
				5F2E1F18ED3951B636A79914 /* DailyChallengeEntryView.swift in Sources */,
				63BD1A70E8275D6B6DF597DC /* FloodBoard.swift in Sources */,
				63B02F230EB6B1A6F0455696 /* FloodCell.swift in Sources */,
				A568B7C4658B615FC9C73291 /* FloodCellNode.swift in Sources */,
				B2419755A7E6D4BF445CA6E8 /* FloodItApp.swift in Sources */,
				E9251DF14085ADC8C5D1C391 /* FloodSolver.swift in Sources */,
				E66E745FA332C5D94C80297D /* GameColor.swift in Sources */,
				1001691068C391E05E401A2A /* GameScene.swift in Sources */,
				0990A1E674E4A19B60CA3C65 /* GameState.swift in Sources */,
				789247DFCED267B3B202542E /* GameView.swift in Sources */,
				F043953D9F19E6685818077E /* HomeView.swift in Sources */,
				909F15B81AC07D03410DA982 /* LevelData.swift in Sources */,
				A7D5A6530466DBB52D2BFCEE /* LevelGenerator.swift in Sources */,
				5C367BF1E4999A08A80DC78E /* LevelSelectView.swift in Sources */,
				5F8B677E76B3A5DE9A348396 /* ProgressStore.swift in Sources */,
				B3C818B20A27B3CE5641E4DB /* SettingsView.swift in Sources */,
				FC63FA32E5CFCEB1F6D5F154 /* ShareCardRenderer.swift in Sources */,
				6E5DBDA0099F7B8CC0F18D03 /* ShareSheet.swift in Sources */,
				C40B68B6DE72384D49FBCA7E /* SoundManager.swift in Sources */,
				961464DB7CADF8B260466F42 /* StarRating.swift in Sources */,
				123C48D2892084D90CCDE2E5 /* StoreManager.swift in Sources */,
				3214D389B8DAA9974B3F3C36 /* ThemeManager.swift in Sources */,
			);
			runOnlyForDeploymentPostprocessing = 0;
		};
		96628017FEBD70346356DFF2 /* Sources */ = {
			isa = PBXSourcesBuildPhase;
			buildActionMask = 2147483647;
			files = (
				C598A52CABFB5D4F970B5711 /* FloodItUITests.swift in Sources */,
				33E3B4690AF8FA56690B49D2 /* ScreenshotTests.swift in Sources */,
			);
			runOnlyForDeploymentPostprocessing = 0;
		};
/* End PBXSourcesBuildPhase section */

/* Begin PBXTargetDependency section */
		374915981F08AB79B86E9927 /* PBXTargetDependency */ = {
			isa = PBXTargetDependency;
			target = 2A26EAB3963DEADFDE15202C /* FloodIt */;
			targetProxy = C9064BBB2CAC642894B1D508 /* PBXContainerItemProxy */;
		};
		EDD9661C448D51D65E84B8B9 /* PBXTargetDependency */ = {
			isa = PBXTargetDependency;
			target = 2A26EAB3963DEADFDE15202C /* FloodIt */;
			targetProxy = A7666ACD9FACBE07DDD9586C /* PBXContainerItemProxy */;
		};
/* End PBXTargetDependency section */

/* Begin XCBuildConfiguration section */
		0D3009DF40CF564E63B61B80 /* Debug */ = {
			isa = XCBuildConfiguration;
			buildSettings = {
				ALWAYS_SEARCH_USER_PATHS = NO;
				CLANG_ANALYZER_NONNULL = YES;
				CLANG_ANALYZER_NUMBER_OBJECT_CONVERSION = YES_AGGRESSIVE;
				CLANG_CXX_LANGUAGE_STANDARD = "gnu++14";
				CLANG_CXX_LIBRARY = "libc++";
				CLANG_ENABLE_MODULES = YES;
				CLANG_ENABLE_OBJC_ARC = YES;
				CLANG_ENABLE_OBJC_WEAK = YES;
				CLANG_WARN_BLOCK_CAPTURE_AUTORELEASING = YES;
				CLANG_WARN_BOOL_CONVERSION = YES;
				CLANG_WARN_COMMA = YES;
				CLANG_WARN_CONSTANT_CONVERSION = YES;
				CLANG_WARN_DEPRECATED_OBJC_IMPLEMENTATIONS = YES;
				CLANG_WARN_DIRECT_OBJC_ISA_USAGE = YES_ERROR;
				CLANG_WARN_DOCUMENTATION_COMMENTS = YES;
				CLANG_WARN_EMPTY_BODY = YES;
				CLANG_WARN_ENUM_CONVERSION = YES;
				CLANG_WARN_INFINITE_RECURSION = YES;
				CLANG_WARN_INT_CONVERSION = YES;
				CLANG_WARN_NON_LITERAL_NULL_CONVERSION = YES;
				CLANG_WARN_OBJC_IMPLICIT_RETAIN_SELF = YES;
				CLANG_WARN_OBJC_LITERAL_CONVERSION = YES;
				CLANG_WARN_OBJC_ROOT_CLASS = YES_ERROR;
				CLANG_WARN_QUOTED_INCLUDE_IN_FRAMEWORK_HEADER = YES;
				CLANG_WARN_RANGE_LOOP_ANALYSIS = YES;
				CLANG_WARN_STRICT_PROTOTYPES = YES;
				CLANG_WARN_SUSPICIOUS_MOVE = YES;
				CLANG_WARN_UNGUARDED_AVAILABILITY = YES_AGGRESSIVE;
				CLANG_WARN_UNREACHABLE_CODE = YES;
				CLANG_WARN__DUPLICATE_METHOD_MATCH = YES;
				COPY_PHASE_STRIP = NO;
				DEBUG_INFORMATION_FORMAT = dwarf;
				ENABLE_STRICT_OBJC_MSGSEND = YES;
				ENABLE_TESTABILITY = YES;
				GCC_C_LANGUAGE_STANDARD = gnu11;
				GCC_DYNAMIC_NO_PIC = NO;
				GCC_NO_COMMON_BLOCKS = YES;
				GCC_OPTIMIZATION_LEVEL = 0;
				GCC_PREPROCESSOR_DEFINITIONS = (
					"$(inherited)",
					"DEBUG=1",
				);
				GCC_WARN_64_TO_32_BIT_CONVERSION = YES;
				GCC_WARN_ABOUT_RETURN_TYPE = YES_ERROR;
				GCC_WARN_UNDECLARED_SELECTOR = YES;
				GCC_WARN_UNINITIALIZED_AUTOS = YES_AGGRESSIVE;
				GCC_WARN_UNUSED_FUNCTION = YES;
				GCC_WARN_UNUSED_VARIABLE = YES;
				IPHONEOS_DEPLOYMENT_TARGET = 16.0;
				MTL_ENABLE_DEBUG_INFO = INCLUDE_SOURCE;
				MTL_FAST_MATH = YES;
				ONLY_ACTIVE_ARCH = YES;
				PRODUCT_NAME = "$(TARGET_NAME)";
				SDKROOT = iphoneos;
				SUPPORTED_PLATFORMS = "iphoneos iphonesimulator";
				SUPPORTS_MACCATALYST = NO;
				SWIFT_ACTIVE_COMPILATION_CONDITIONS = DEBUG;
				SWIFT_OPTIMIZATION_LEVEL = "-Onone";
				SWIFT_VERSION = 5.0;
				TARGETED_DEVICE_FAMILY = 1;
			};
			name = Debug;
		};
		60BA990EEFB2CE0B213E8A35 /* Release */ = {
			isa = XCBuildConfiguration;
			buildSettings = {
				ASSETCATALOG_COMPILER_APPICON_NAME = AppIcon;
				CODE_SIGN_IDENTITY = "iPhone Developer";
				CURRENT_PROJECT_VERSION = 1;
				GENERATE_INFOPLIST_FILE = YES;
				INFOPLIST_GENERATION_MODE = GeneratedFile;
				INFOPLIST_KEY_UIApplicationSceneManifest_Generation = YES;
				INFOPLIST_KEY_UIApplicationSupportsIndirectInputEvents = YES;
				INFOPLIST_KEY_UILaunchScreen_Generation = YES;
				INFOPLIST_KEY_UISupportedInterfaceOrientations = UIInterfaceOrientationPortrait;
				INFOPLIST_KEY_UISupportedInterfaceOrientations_iPad = "UIInterfaceOrientationPortrait UIInterfaceOrientationPortraitUpsideDown UIInterfaceOrientationLandscapeLeft UIInterfaceOrientationLandscapeRight";
				LD_RUNPATH_SEARCH_PATHS = (
					"$(inherited)",
					"@executable_path/Frameworks",
				);
				MARKETING_VERSION = 1.0;
				PRODUCT_BUNDLE_IDENTIFIER = com.prashantkulk.floodit;
				SDKROOT = iphoneos;
				SWIFT_EMIT_LOC_STRINGS = YES;
				TARGETED_DEVICE_FAMILY = "1,2";
			};
			name = Release;
		};
		69A68F7246F4F31112C87A2E /* Release */ = {
			isa = XCBuildConfiguration;
			buildSettings = {
				ALWAYS_SEARCH_USER_PATHS = NO;
				CLANG_ANALYZER_NONNULL = YES;
				CLANG_ANALYZER_NUMBER_OBJECT_CONVERSION = YES_AGGRESSIVE;
				CLANG_CXX_LANGUAGE_STANDARD = "gnu++14";
				CLANG_CXX_LIBRARY = "libc++";
				CLANG_ENABLE_MODULES = YES;
				CLANG_ENABLE_OBJC_ARC = YES;
				CLANG_ENABLE_OBJC_WEAK = YES;
				CLANG_WARN_BLOCK_CAPTURE_AUTORELEASING = YES;
				CLANG_WARN_BOOL_CONVERSION = YES;
				CLANG_WARN_COMMA = YES;
				CLANG_WARN_CONSTANT_CONVERSION = YES;
				CLANG_WARN_DEPRECATED_OBJC_IMPLEMENTATIONS = YES;
				CLANG_WARN_DIRECT_OBJC_ISA_USAGE = YES_ERROR;
				CLANG_WARN_DOCUMENTATION_COMMENTS = YES;
				CLANG_WARN_EMPTY_BODY = YES;
				CLANG_WARN_ENUM_CONVERSION = YES;
				CLANG_WARN_INFINITE_RECURSION = YES;
				CLANG_WARN_INT_CONVERSION = YES;
				CLANG_WARN_NON_LITERAL_NULL_CONVERSION = YES;
				CLANG_WARN_OBJC_IMPLICIT_RETAIN_SELF = YES;
				CLANG_WARN_OBJC_LITERAL_CONVERSION = YES;
				CLANG_WARN_OBJC_ROOT_CLASS = YES_ERROR;
				CLANG_WARN_QUOTED_INCLUDE_IN_FRAMEWORK_HEADER = YES;
				CLANG_WARN_RANGE_LOOP_ANALYSIS = YES;
				CLANG_WARN_STRICT_PROTOTYPES = YES;
				CLANG_WARN_SUSPICIOUS_MOVE = YES;
				CLANG_WARN_UNGUARDED_AVAILABILITY = YES_AGGRESSIVE;
				CLANG_WARN_UNREACHABLE_CODE = YES;
				CLANG_WARN__DUPLICATE_METHOD_MATCH = YES;
				COPY_PHASE_STRIP = NO;
				DEBUG_INFORMATION_FORMAT = "dwarf-with-dsym";
				ENABLE_NS_ASSERTIONS = NO;
				ENABLE_STRICT_OBJC_MSGSEND = YES;
				GCC_C_LANGUAGE_STANDARD = gnu11;
				GCC_NO_COMMON_BLOCKS = YES;
				GCC_WARN_64_TO_32_BIT_CONVERSION = YES;
				GCC_WARN_ABOUT_RETURN_TYPE = YES_ERROR;
				GCC_WARN_UNDECLARED_SELECTOR = YES;
				GCC_WARN_UNINITIALIZED_AUTOS = YES_AGGRESSIVE;
				GCC_WARN_UNUSED_FUNCTION = YES;
				GCC_WARN_UNUSED_VARIABLE = YES;
				IPHONEOS_DEPLOYMENT_TARGET = 16.0;
				MTL_ENABLE_DEBUG_INFO = NO;
				MTL_FAST_MATH = YES;
				PRODUCT_NAME = "$(TARGET_NAME)";
				SDKROOT = iphoneos;
				SUPPORTED_PLATFORMS = "iphoneos iphonesimulator";
				SUPPORTS_MACCATALYST = NO;
				SWIFT_COMPILATION_MODE = wholemodule;
				SWIFT_OPTIMIZATION_LEVEL = "-O";
				SWIFT_VERSION = 5.0;
				TARGETED_DEVICE_FAMILY = 1;
			};
			name = Release;
		};
		85DE57E1D99A8B4B3DC81C76 /* Debug */ = {
			isa = XCBuildConfiguration;
			buildSettings = {
				ASSETCATALOG_COMPILER_APPICON_NAME = AppIcon;
				CODE_SIGN_IDENTITY = "iPhone Developer";
				CURRENT_PROJECT_VERSION = 1;
				GENERATE_INFOPLIST_FILE = YES;
				INFOPLIST_GENERATION_MODE = GeneratedFile;
				INFOPLIST_KEY_UIApplicationSceneManifest_Generation = YES;
				INFOPLIST_KEY_UIApplicationSupportsIndirectInputEvents = YES;
				INFOPLIST_KEY_UILaunchScreen_Generation = YES;
				INFOPLIST_KEY_UISupportedInterfaceOrientations = UIInterfaceOrientationPortrait;
				INFOPLIST_KEY_UISupportedInterfaceOrientations_iPad = "UIInterfaceOrientationPortrait UIInterfaceOrientationPortraitUpsideDown UIInterfaceOrientationLandscapeLeft UIInterfaceOrientationLandscapeRight";
				LD_RUNPATH_SEARCH_PATHS = (
					"$(inherited)",
					"@executable_path/Frameworks",
				);
				MARKETING_VERSION = 1.0;
				PRODUCT_BUNDLE_IDENTIFIER = com.prashantkulk.floodit;
				SDKROOT = iphoneos;
				SWIFT_EMIT_LOC_STRINGS = YES;
				TARGETED_DEVICE_FAMILY = "1,2";
			};
			name = Debug;
		};
		87A3814265DBFDC63073B21C /* Debug */ = {
			isa = XCBuildConfiguration;
			buildSettings = {
				BUNDLE_LOADER = "$(TEST_HOST)";
				GENERATE_INFOPLIST_FILE = YES;
				LD_RUNPATH_SEARCH_PATHS = (
					"$(inherited)",
					"@executable_path/Frameworks",
					"@loader_path/Frameworks",
				);
				PRODUCT_BUNDLE_IDENTIFIER = com.prashantkulk.floodit.uitests;
				SDKROOT = iphoneos;
				TARGETED_DEVICE_FAMILY = "1,2";
				TEST_TARGET_NAME = FloodIt;
			};
			name = Debug;
		};
		C08209DB1B76CFDF4425E6F8 /* Release */ = {
			isa = XCBuildConfiguration;
			buildSettings = {
				BUNDLE_LOADER = "$(TEST_HOST)";
				GENERATE_INFOPLIST_FILE = YES;
				LD_RUNPATH_SEARCH_PATHS = (
					"$(inherited)",
					"@executable_path/Frameworks",
					"@loader_path/Frameworks",
				);
				PRODUCT_BUNDLE_IDENTIFIER = com.prashantkulk.floodit.uitests;
				SDKROOT = iphoneos;
				TARGETED_DEVICE_FAMILY = "1,2";
				TEST_TARGET_NAME = FloodIt;
			};
			name = Release;
		};
		C1C0C1F18E76479B2F50EDD9 /* Release */ = {
			isa = XCBuildConfiguration;
			buildSettings = {
				BUNDLE_LOADER = "$(TEST_HOST)";
				GENERATE_INFOPLIST_FILE = YES;
				LD_RUNPATH_SEARCH_PATHS = (
					"$(inherited)",
					"@executable_path/Frameworks",
					"@loader_path/Frameworks",
				);
				PRODUCT_BUNDLE_IDENTIFIER = com.prashantkulk.floodit.tests;
				SDKROOT = iphoneos;
				TARGETED_DEVICE_FAMILY = "1,2";
				TEST_HOST = "$(BUILT_PRODUCTS_DIR)/FloodIt.app/FloodIt";
			};
			name = Release;
		};
		FBF0FD4215CE731A6D0BD979 /* Debug */ = {
			isa = XCBuildConfiguration;
			buildSettings = {
				BUNDLE_LOADER = "$(TEST_HOST)";
				GENERATE_INFOPLIST_FILE = YES;
				LD_RUNPATH_SEARCH_PATHS = (
					"$(inherited)",
					"@executable_path/Frameworks",
					"@loader_path/Frameworks",
				);
				PRODUCT_BUNDLE_IDENTIFIER = com.prashantkulk.floodit.tests;
				SDKROOT = iphoneos;
				TARGETED_DEVICE_FAMILY = "1,2";
				TEST_HOST = "$(BUILT_PRODUCTS_DIR)/FloodIt.app/FloodIt";
			};
			name = Debug;
		};
/* End XCBuildConfiguration section */

/* Begin XCConfigurationList section */
		11AF2462376851C5B316780C /* Build configuration list for PBXNativeTarget "FloodItUITests" */ = {
			isa = XCConfigurationList;
			buildConfigurations = (
				87A3814265DBFDC63073B21C /* Debug */,
				C08209DB1B76CFDF4425E6F8 /* Release */,
			);
			defaultConfigurationIsVisible = 0;
			defaultConfigurationName = Debug;
		};
		874E0E85C0F69335438E4E49 /* Build configuration list for PBXNativeTarget "FloodItTests" */ = {
			isa = XCConfigurationList;
			buildConfigurations = (
				FBF0FD4215CE731A6D0BD979 /* Debug */,
				C1C0C1F18E76479B2F50EDD9 /* Release */,
			);
			defaultConfigurationIsVisible = 0;
			defaultConfigurationName = Debug;
		};
		9126D9F57C1E02288969B371 /* Build configuration list for PBXProject "FloodIt" */ = {
			isa = XCConfigurationList;
			buildConfigurations = (
				0D3009DF40CF564E63B61B80 /* Debug */,
				69A68F7246F4F31112C87A2E /* Release */,
			);
			defaultConfigurationIsVisible = 0;
			defaultConfigurationName = Debug;
		};
		D59650BEE828889850641067 /* Build configuration list for PBXNativeTarget "FloodIt" */ = {
			isa = XCConfigurationList;
			buildConfigurations = (
				85DE57E1D99A8B4B3DC81C76 /* Debug */,
				60BA990EEFB2CE0B213E8A35 /* Release */,
			);
			defaultConfigurationIsVisible = 0;
			defaultConfigurationName = Debug;
		};
/* End XCConfigurationList section */
	};
	rootObject = 82C0A4C115C210501E0FAA08 /* Project object */;
}
